// !$*UTF8*$!
{
	archiveVersion = 1;
	classes = {
	};
	objectVersion = 56;
	objects = {

/* Begin PBXBuildFile section */
		3510EBCE28F0BB0D00FACC02 /* LoginPageController.swift in Sources */ = {isa = PBXBuildFile; fileRef = 3510EBCD28F0BB0D00FACC02 /* LoginPageController.swift */; };
		3541EB3428F0FCF300A0DC2C /* HealthKit.framework in Frameworks */ = {isa = PBXBuildFile; fileRef = 3541EB3328F0FCF300A0DC2C /* HealthKit.framework */; };
		355BACDC28F1D68D0002685C /* DetailedInformationPageController.swift in Sources */ = {isa = PBXBuildFile; fileRef = 355BACDB28F1D68D0002685C /* DetailedInformationPageController.swift */; };
		35AA59E328F1D0D800D529F1 /* AwardPageController.swift in Sources */ = {isa = PBXBuildFile; fileRef = 35AA59E228F1D0D800D529F1 /* AwardPageController.swift */; };
		35BB887028F0D41D00681DE9 /* MainPageController.swift in Sources */ = {isa = PBXBuildFile; fileRef = 35BB886F28F0D41D00681DE9 /* MainPageController.swift */; };
		35C25FE328F0B1BD008A0100 /* OnboardingPageController.swift in Sources */ = {isa = PBXBuildFile; fileRef = 35C25FE228F0B1BD008A0100 /* OnboardingPageController.swift */; };
		35D26C9228F0A7C00008005C /* AppDelegate.swift in Sources */ = {isa = PBXBuildFile; fileRef = 35D26C9128F0A7C00008005C /* AppDelegate.swift */; };
		35D26C9428F0A7C00008005C /* SceneDelegate.swift in Sources */ = {isa = PBXBuildFile; fileRef = 35D26C9328F0A7C00008005C /* SceneDelegate.swift */; };
		35D26C9928F0A7C00008005C /* Main.storyboard in Resources */ = {isa = PBXBuildFile; fileRef = 35D26C9728F0A7C00008005C /* Main.storyboard */; };
		35D26C9C28F0A7C00008005C /* Pasha_Step.xcdatamodeld in Sources */ = {isa = PBXBuildFile; fileRef = 35D26C9A28F0A7C00008005C /* Pasha_Step.xcdatamodeld */; };
		35D26C9E28F0A7C10008005C /* Assets.xcassets in Resources */ = {isa = PBXBuildFile; fileRef = 35D26C9D28F0A7C10008005C /* Assets.xcassets */; };
		35D26CA128F0A7C10008005C /* LaunchScreen.storyboard in Resources */ = {isa = PBXBuildFile; fileRef = 35D26C9F28F0A7C10008005C /* LaunchScreen.storyboard */; };
/* End PBXBuildFile section */

/* Begin PBXFileReference section */
		3510EBCD28F0BB0D00FACC02 /* LoginPageController.swift */ = {isa = PBXFileReference; lastKnownFileType = sourcecode.swift; path = LoginPageController.swift; sourceTree = "<group>"; };
		3541EB3128F0FCF300A0DC2C /* Pasha Step.entitlements */ = {isa = PBXFileReference; lastKnownFileType = text.plist.entitlements; path = "Pasha Step.entitlements"; sourceTree = "<group>"; };
		3541EB3328F0FCF300A0DC2C /* HealthKit.framework */ = {isa = PBXFileReference; lastKnownFileType = wrapper.framework; name = HealthKit.framework; path = System/Library/Frameworks/HealthKit.framework; sourceTree = SDKROOT; };
		355BACDB28F1D68D0002685C /* DetailedInformationPageController.swift */ = {isa = PBXFileReference; lastKnownFileType = sourcecode.swift; path = DetailedInformationPageController.swift; sourceTree = "<group>"; };
		35AA59E228F1D0D800D529F1 /* AwardPageController.swift */ = {isa = PBXFileReference; lastKnownFileType = sourcecode.swift; path = AwardPageController.swift; sourceTree = "<group>"; };
		35BB886F28F0D41D00681DE9 /* MainPageController.swift */ = {isa = PBXFileReference; lastKnownFileType = sourcecode.swift; path = MainPageController.swift; sourceTree = "<group>"; };
		35C25FE228F0B1BD008A0100 /* OnboardingPageController.swift */ = {isa = PBXFileReference; lastKnownFileType = sourcecode.swift; path = OnboardingPageController.swift; sourceTree = "<group>"; };
		35D26C8E28F0A7C00008005C /* Pasha Step.app */ = {isa = PBXFileReference; explicitFileType = wrapper.application; includeInIndex = 0; path = "Pasha Step.app"; sourceTree = BUILT_PRODUCTS_DIR; };
		35D26C9128F0A7C00008005C /* AppDelegate.swift */ = {isa = PBXFileReference; lastKnownFileType = sourcecode.swift; path = AppDelegate.swift; sourceTree = "<group>"; };
		35D26C9328F0A7C00008005C /* SceneDelegate.swift */ = {isa = PBXFileReference; lastKnownFileType = sourcecode.swift; path = SceneDelegate.swift; sourceTree = "<group>"; };
		35D26C9828F0A7C00008005C /* Base */ = {isa = PBXFileReference; lastKnownFileType = file.storyboard; name = Base; path = Base.lproj/Main.storyboard; sourceTree = "<group>"; };
		35D26C9B28F0A7C00008005C /* Pasha_Step.xcdatamodel */ = {isa = PBXFileReference; lastKnownFileType = wrapper.xcdatamodel; path = Pasha_Step.xcdatamodel; sourceTree = "<group>"; };
		35D26C9D28F0A7C10008005C /* Assets.xcassets */ = {isa = PBXFileReference; lastKnownFileType = folder.assetcatalog; path = Assets.xcassets; sourceTree = "<group>"; };
		35D26CA028F0A7C10008005C /* Base */ = {isa = PBXFileReference; lastKnownFileType = file.storyboard; name = Base; path = Base.lproj/LaunchScreen.storyboard; sourceTree = "<group>"; };
		35D26CA228F0A7C10008005C /* Info.plist */ = {isa = PBXFileReference; lastKnownFileType = text.plist.xml; path = Info.plist; sourceTree = "<group>"; };
/* End PBXFileReference section */

/* Begin PBXFrameworksBuildPhase section */
		35D26C8B28F0A7C00008005C /* Frameworks */ = {
			isa = PBXFrameworksBuildPhase;
			buildActionMask = 2147483647;
			files = (
				3541EB3428F0FCF300A0DC2C /* HealthKit.framework in Frameworks */,
			);
			runOnlyForDeploymentPostprocessing = 0;
		};
/* End PBXFrameworksBuildPhase section */

/* Begin PBXGroup section */
		3510EBCC28F0B2DD00FACC02 /* View */ = {
			isa = PBXGroup;
			children = (
				35C25FE228F0B1BD008A0100 /* OnboardingPageController.swift */,
				3510EBCD28F0BB0D00FACC02 /* LoginPageController.swift */,
				35BB886F28F0D41D00681DE9 /* MainPageController.swift */,
				35AA59E228F1D0D800D529F1 /* AwardPageController.swift */,
				355BACDB28F1D68D0002685C /* DetailedInformationPageController.swift */,
			);
			path = View;
			sourceTree = "<group>";
		};
		3541EB3228F0FCF300A0DC2C /* Frameworks */ = {
			isa = PBXGroup;
			children = (
				3541EB3328F0FCF300A0DC2C /* HealthKit.framework */,
			);
			name = Frameworks;
			sourceTree = "<group>";
		};
		35D26C8528F0A7C00008005C = {
			isa = PBXGroup;
			children = (
				35D26C9028F0A7C00008005C /* Pasha Step */,
				35D26C8F28F0A7C00008005C /* Products */,
				3541EB3228F0FCF300A0DC2C /* Frameworks */,
			);
			sourceTree = "<group>";
		};
		35D26C8F28F0A7C00008005C /* Products */ = {
			isa = PBXGroup;
			children = (
				35D26C8E28F0A7C00008005C /* Pasha Step.app */,
			);
			name = Products;
			sourceTree = "<group>";
		};
		35D26C9028F0A7C00008005C /* Pasha Step */ = {
			isa = PBXGroup;
			children = (
				3541EB3128F0FCF300A0DC2C /* Pasha Step.entitlements */,
				35D26C9128F0A7C00008005C /* AppDelegate.swift */,
				35D26C9328F0A7C00008005C /* SceneDelegate.swift */,
				3510EBCC28F0B2DD00FACC02 /* View */,
				35D26C9728F0A7C00008005C /* Main.storyboard */,
				35D26C9D28F0A7C10008005C /* Assets.xcassets */,
				35D26C9F28F0A7C10008005C /* LaunchScreen.storyboard */,
				35D26CA228F0A7C10008005C /* Info.plist */,
				35D26C9A28F0A7C00008005C /* Pasha_Step.xcdatamodeld */,
			);
			path = "Pasha Step";
			sourceTree = "<group>";
		};
/* End PBXGroup section */

/* Begin PBXNativeTarget section */
		35D26C8D28F0A7C00008005C /* Pasha Step */ = {
			isa = PBXNativeTarget;
			buildConfigurationList = 35D26CA528F0A7C10008005C /* Build configuration list for PBXNativeTarget "Pasha Step" */;
			buildPhases = (
				35D26C8A28F0A7C00008005C /* Sources */,
				35D26C8B28F0A7C00008005C /* Frameworks */,
				35D26C8C28F0A7C00008005C /* Resources */,
			);
			buildRules = (
			);
			dependencies = (
			);
			name = "Pasha Step";
			productName = "Pasha Step";
			productReference = 35D26C8E28F0A7C00008005C /* Pasha Step.app */;
			productType = "com.apple.product-type.application";
		};
/* End PBXNativeTarget section */

/* Begin PBXProject section */
		35D26C8628F0A7C00008005C /* Project object */ = {
			isa = PBXProject;
			attributes = {
				BuildIndependentTargetsInParallel = 1;
				LastSwiftUpdateCheck = 1400;
				LastUpgradeCheck = 1400;
				TargetAttributes = {
					35D26C8D28F0A7C00008005C = {
						CreatedOnToolsVersion = 14.0;
					};
				};
			};
			buildConfigurationList = 35D26C8928F0A7C00008005C /* Build configuration list for PBXProject "Pasha Step" */;
			compatibilityVersion = "Xcode 14.0";
			developmentRegion = en;
			hasScannedForEncodings = 0;
			knownRegions = (
				en,
				Base,
			);
			mainGroup = 35D26C8528F0A7C00008005C;
			productRefGroup = 35D26C8F28F0A7C00008005C /* Products */;
			projectDirPath = "";
			projectRoot = "";
			targets = (
				35D26C8D28F0A7C00008005C /* Pasha Step */,
			);
		};
/* End PBXProject section */

/* Begin PBXResourcesBuildPhase section */
		35D26C8C28F0A7C00008005C /* Resources */ = {
			isa = PBXResourcesBuildPhase;
			buildActionMask = 2147483647;
			files = (
				35D26CA128F0A7C10008005C /* LaunchScreen.storyboard in Resources */,
				35D26C9E28F0A7C10008005C /* Assets.xcassets in Resources */,
				35D26C9928F0A7C00008005C /* Main.storyboard in Resources */,
			);
			runOnlyForDeploymentPostprocessing = 0;
		};
/* End PBXResourcesBuildPhase section */

/* Begin PBXSourcesBuildPhase section */
		35D26C8A28F0A7C00008005C /* Sources */ = {
			isa = PBXSourcesBuildPhase;
			buildActionMask = 2147483647;
			files = (
				3510EBCE28F0BB0D00FACC02 /* LoginPageController.swift in Sources */,
				35D26C9228F0A7C00008005C /* AppDelegate.swift in Sources */,
				35C25FE328F0B1BD008A0100 /* OnboardingPageController.swift in Sources */,
				35AA59E328F1D0D800D529F1 /* AwardPageController.swift in Sources */,
				35BB887028F0D41D00681DE9 /* MainPageController.swift in Sources */,
				355BACDC28F1D68D0002685C /* DetailedInformationPageController.swift in Sources */,
				35D26C9428F0A7C00008005C /* SceneDelegate.swift in Sources */,
				35D26C9C28F0A7C00008005C /* Pasha_Step.xcdatamodeld in Sources */,
			);
			runOnlyForDeploymentPostprocessing = 0;
		};
/* End PBXSourcesBuildPhase section */

/* Begin PBXVariantGroup section */
		35D26C9728F0A7C00008005C /* Main.storyboard */ = {
			isa = PBXVariantGroup;
			children = (
				35D26C9828F0A7C00008005C /* Base */,
			);
			name = Main.storyboard;
			sourceTree = "<group>";
		};
		35D26C9F28F0A7C10008005C /* LaunchScreen.storyboard */ = {
			isa = PBXVariantGroup;
			children = (
				35D26CA028F0A7C10008005C /* Base */,
			);
			name = LaunchScreen.storyboard;
			sourceTree = "<group>";
		};
/* End PBXVariantGroup section */

/* Begin XCBuildConfiguration section */
		35D26CA328F0A7C10008005C /* Debug */ = {
			isa = XCBuildConfiguration;
			buildSettings = {
				ALWAYS_SEARCH_USER_PATHS = NO;
				CLANG_ANALYZER_NONNULL = YES;
				CLANG_ANALYZER_NUMBER_OBJECT_CONVERSION = YES_AGGRESSIVE;
				CLANG_CXX_LANGUAGE_STANDARD = "gnu++17";
				CLANG_ENABLE_MODULES = YES;
				CLANG_ENABLE_OBJC_ARC = YES;
				CLANG_ENABLE_OBJC_WEAK = YES;
				CLANG_WARN_BLOCK_CAPTURE_AUTORELEASING = YES;
				CLANG_WARN_BOOL_CONVERSION = YES;
				CLANG_WARN_COMMA = YES;
				CLANG_WARN_CONSTANT_CONVERSION = YES;
				CLANG_WARN_DEPRECATED_OBJC_IMPLEMENTATIONS = YES;
				CLANG_WARN_DIRECT_OBJC_ISA_USAGE = YES_ERROR;
				CLANG_WARN_DOCUMENTATION_COMMENTS = YES;
				CLANG_WARN_EMPTY_BODY = YES;
				CLANG_WARN_ENUM_CONVERSION = YES;
				CLANG_WARN_INFINITE_RECURSION = YES;
				CLANG_WARN_INT_CONVERSION = YES;
				CLANG_WARN_NON_LITERAL_NULL_CONVERSION = YES;
				CLANG_WARN_OBJC_IMPLICIT_RETAIN_SELF = YES;
				CLANG_WARN_OBJC_LITERAL_CONVERSION = YES;
				CLANG_WARN_OBJC_ROOT_CLASS = YES_ERROR;
				CLANG_WARN_QUOTED_INCLUDE_IN_FRAMEWORK_HEADER = YES;
				CLANG_WARN_RANGE_LOOP_ANALYSIS = YES;
				CLANG_WARN_STRICT_PROTOTYPES = YES;
				CLANG_WARN_SUSPICIOUS_MOVE = YES;
				CLANG_WARN_UNGUARDED_AVAILABILITY = YES_AGGRESSIVE;
				CLANG_WARN_UNREACHABLE_CODE = YES;
				CLANG_WARN__DUPLICATE_METHOD_MATCH = YES;
				COPY_PHASE_STRIP = NO;
				DEBUG_INFORMATION_FORMAT = dwarf;
				ENABLE_STRICT_OBJC_MSGSEND = YES;
				ENABLE_TESTABILITY = YES;
				GCC_C_LANGUAGE_STANDARD = gnu11;
				GCC_DYNAMIC_NO_PIC = NO;
				GCC_NO_COMMON_BLOCKS = YES;
				GCC_OPTIMIZATION_LEVEL = 0;
				GCC_PREPROCESSOR_DEFINITIONS = (
					"DEBUG=1",
					"$(inherited)",
				);
				GCC_WARN_64_TO_32_BIT_CONVERSION = YES;
				GCC_WARN_ABOUT_RETURN_TYPE = YES_ERROR;
				GCC_WARN_UNDECLARED_SELECTOR = YES;
				GCC_WARN_UNINITIALIZED_AUTOS = YES_AGGRESSIVE;
				GCC_WARN_UNUSED_FUNCTION = YES;
				GCC_WARN_UNUSED_VARIABLE = YES;
				IPHONEOS_DEPLOYMENT_TARGET = 16.0;
				MTL_ENABLE_DEBUG_INFO = INCLUDE_SOURCE;
				MTL_FAST_MATH = YES;
				ONLY_ACTIVE_ARCH = YES;
				SDKROOT = iphoneos;
				SWIFT_ACTIVE_COMPILATION_CONDITIONS = DEBUG;
				SWIFT_OPTIMIZATION_LEVEL = "-Onone";
			};
			name = Debug;
		};
		35D26CA428F0A7C10008005C /* Release */ = {
			isa = XCBuildConfiguration;
			buildSettings = {
				ALWAYS_SEARCH_USER_PATHS = NO;
				CLANG_ANALYZER_NONNULL = YES;
				CLANG_ANALYZER_NUMBER_OBJECT_CONVERSION = YES_AGGRESSIVE;
				CLANG_CXX_LANGUAGE_STANDARD = "gnu++17";
				CLANG_ENABLE_MODULES = YES;
				CLANG_ENABLE_OBJC_ARC = YES;
				CLANG_ENABLE_OBJC_WEAK = YES;
				CLANG_WARN_BLOCK_CAPTURE_AUTORELEASING = YES;
				CLANG_WARN_BOOL_CONVERSION = YES;
				CLANG_WARN_COMMA = YES;
				CLANG_WARN_CONSTANT_CONVERSION = YES;
				CLANG_WARN_DEPRECATED_OBJC_IMPLEMENTATIONS = YES;
				CLANG_WARN_DIRECT_OBJC_ISA_USAGE = YES_ERROR;
				CLANG_WARN_DOCUMENTATION_COMMENTS = YES;
				CLANG_WARN_EMPTY_BODY = YES;
				CLANG_WARN_ENUM_CONVERSION = YES;
				CLANG_WARN_INFINITE_RECURSION = YES;
				CLANG_WARN_INT_CONVERSION = YES;
				CLANG_WARN_NON_LITERAL_NULL_CONVERSION = YES;
				CLANG_WARN_OBJC_IMPLICIT_RETAIN_SELF = YES;
				CLANG_WARN_OBJC_LITERAL_CONVERSION = YES;
				CLANG_WARN_OBJC_ROOT_CLASS = YES_ERROR;
				CLANG_WARN_QUOTED_INCLUDE_IN_FRAMEWORK_HEADER = YES;
				CLANG_WARN_RANGE_LOOP_ANALYSIS = YES;
				CLANG_WARN_STRICT_PROTOTYPES = YES;
				CLANG_WARN_SUSPICIOUS_MOVE = YES;
				CLANG_WARN_UNGUARDED_AVAILABILITY = YES_AGGRESSIVE;
				CLANG_WARN_UNREACHABLE_CODE = YES;
				CLANG_WARN__DUPLICATE_METHOD_MATCH = YES;
				COPY_PHASE_STRIP = NO;
				DEBUG_INFORMATION_FORMAT = "dwarf-with-dsym";
				ENABLE_NS_ASSERTIONS = NO;
				ENABLE_STRICT_OBJC_MSGSEND = YES;
				GCC_C_LANGUAGE_STANDARD = gnu11;
				GCC_NO_COMMON_BLOCKS = YES;
				GCC_WARN_64_TO_32_BIT_CONVERSION = YES;
				GCC_WARN_ABOUT_RETURN_TYPE = YES_ERROR;
				GCC_WARN_UNDECLARED_SELECTOR = YES;
				GCC_WARN_UNINITIALIZED_AUTOS = YES_AGGRESSIVE;
				GCC_WARN_UNUSED_FUNCTION = YES;
				GCC_WARN_UNUSED_VARIABLE = YES;
				IPHONEOS_DEPLOYMENT_TARGET = 16.0;
				MTL_ENABLE_DEBUG_INFO = NO;
				MTL_FAST_MATH = YES;
				SDKROOT = iphoneos;
				SWIFT_COMPILATION_MODE = wholemodule;
				SWIFT_OPTIMIZATION_LEVEL = "-O";
				VALIDATE_PRODUCT = YES;
			};
			name = Release;
		};
		35D26CA628F0A7C10008005C /* Debug */ = {
			isa = XCBuildConfiguration;
			buildSettings = {
				ASSETCATALOG_COMPILER_APPICON_NAME = AppIcon;
				ASSETCATALOG_COMPILER_GLOBAL_ACCENT_COLOR_NAME = AccentColor;
				CODE_SIGN_ENTITLEMENTS = "Pasha Step/Pasha Step.entitlements";
				CODE_SIGN_STYLE = Automatic;
				CURRENT_PROJECT_VERSION = 1;
				DEVELOPMENT_TEAM = 93GUC69XMX;
				GENERATE_INFOPLIST_FILE = YES;
				INFOPLIST_FILE = "Pasha Step/Info.plist";
				INFOPLIST_KEY_NSHealthShareUsageDescription = loremimpussotdamte;
				INFOPLIST_KEY_NSHealthUpdateUsageDescription = loremipsumsotdamet;
				INFOPLIST_KEY_NSMotionUsageDescription = "Please allow for counting your steps";
				INFOPLIST_KEY_UIApplicationSupportsIndirectInputEvents = YES;
				INFOPLIST_KEY_UILaunchStoryboardName = LaunchScreen;
				INFOPLIST_KEY_UIMainStoryboardFile = Main;
				INFOPLIST_KEY_UISupportedInterfaceOrientations_iPad = "UIInterfaceOrientationPortrait UIInterfaceOrientationPortraitUpsideDown UIInterfaceOrientationLandscapeLeft UIInterfaceOrientationLandscapeRight";
				INFOPLIST_KEY_UISupportedInterfaceOrientations_iPhone = "UIInterfaceOrientationPortrait UIInterfaceOrientationLandscapeLeft UIInterfaceOrientationLandscapeRight";
				LD_RUNPATH_SEARCH_PATHS = (
					"$(inherited)",
					"@executable_path/Frameworks",
				);
				MARKETING_VERSION = 1.0;
				PRODUCT_BUNDLE_IDENTIFIER = "Mukhtarov.Pasha-Step";
				PRODUCT_NAME = "$(TARGET_NAME)";
				SWIFT_EMIT_LOC_STRINGS = YES;
				SWIFT_VERSION = 5.0;
				TARGETED_DEVICE_FAMILY = "1,2";
			};
			name = Debug;
		};
		35D26CA728F0A7C10008005C /* Release */ = {
			isa = XCBuildConfiguration;
			buildSettings = {
				ASSETCATALOG_COMPILER_APPICON_NAME = AppIcon;
				ASSETCATALOG_COMPILER_GLOBAL_ACCENT_COLOR_NAME = AccentColor;
				CODE_SIGN_ENTITLEMENTS = "Pasha Step/Pasha Step.entitlements";
				CODE_SIGN_STYLE = Automatic;
				CURRENT_PROJECT_VERSION = 1;
				DEVELOPMENT_TEAM = 93GUC69XMX;
				GENERATE_INFOPLIST_FILE = YES;
				INFOPLIST_FILE = "Pasha Step/Info.plist";
				INFOPLIST_KEY_NSHealthShareUsageDescription = loremimpussotdamte;
				INFOPLIST_KEY_NSHealthUpdateUsageDescription = loremipsumsotdamet;
				INFOPLIST_KEY_NSMotionUsageDescription = "Please allow for counting your steps";
				INFOPLIST_KEY_UIApplicationSupportsIndirectInputEvents = YES;
				INFOPLIST_KEY_UILaunchStoryboardName = LaunchScreen;
				INFOPLIST_KEY_UIMainStoryboardFile = Main;
				INFOPLIST_KEY_UISupportedInterfaceOrientations_iPad = "UIInterfaceOrientationPortrait UIInterfaceOrientationPortraitUpsideDown UIInterfaceOrientationLandscapeLeft UIInterfaceOrientationLandscapeRight";
				INFOPLIST_KEY_UISupportedInterfaceOrientations_iPhone = "UIInterfaceOrientationPortrait UIInterfaceOrientationLandscapeLeft UIInterfaceOrientationLandscapeRight";
				LD_RUNPATH_SEARCH_PATHS = (
					"$(inherited)",
					"@executable_path/Frameworks",
				);
				MARKETING_VERSION = 1.0;
				PRODUCT_BUNDLE_IDENTIFIER = "Mukhtarov.Pasha-Step";
				PRODUCT_NAME = "$(TARGET_NAME)";
				SWIFT_EMIT_LOC_STRINGS = YES;
				SWIFT_VERSION = 5.0;
				TARGETED_DEVICE_FAMILY = "1,2";
			};
			name = Release;
		};
/* End XCBuildConfiguration section */

/* Begin XCConfigurationList section */
		35D26C8928F0A7C00008005C /* Build configuration list for PBXProject "Pasha Step" */ = {
			isa = XCConfigurationList;
			buildConfigurations = (
				35D26CA328F0A7C10008005C /* Debug */,
				35D26CA428F0A7C10008005C /* Release */,
			);
			defaultConfigurationIsVisible = 0;
			defaultConfigurationName = Release;
		};
		35D26CA528F0A7C10008005C /* Build configuration list for PBXNativeTarget "Pasha Step" */ = {
			isa = XCConfigurationList;
			buildConfigurations = (
				35D26CA628F0A7C10008005C /* Debug */,
				35D26CA728F0A7C10008005C /* Release */,
			);
			defaultConfigurationIsVisible = 0;
			defaultConfigurationName = Release;
		};
/* End XCConfigurationList section */

/* Begin XCVersionGroup section */
		35D26C9A28F0A7C00008005C /* Pasha_Step.xcdatamodeld */ = {
			isa = XCVersionGroup;
			children = (
				35D26C9B28F0A7C00008005C /* Pasha_Step.xcdatamodel */,
			);
			currentVersion = 35D26C9B28F0A7C00008005C /* Pasha_Step.xcdatamodel */;
			path = Pasha_Step.xcdatamodeld;
			sourceTree = "<group>";
			versionGroupType = wrapper.xcdatamodel;
		};
/* End XCVersionGroup section */
	};
	rootObject = 35D26C8628F0A7C00008005C /* Project object */;
}
